<?xml version="1.0" encoding="utf-8"?>
<Project ToolsVersion="4.0" xmlns="http://schemas.microsoft.com/developer/msbuild/2003">
  <ItemGroup>
    <Filter Include="Header files">
      <UniqueIdentifier>{93995380-89BD-4b04-88EB-625FBE52EBFB}</UniqueIdentifier>
      <Extensions>h;hh;hpp;hxx;hm;inl;inc;ipp;xsd</Extensions>
    </Filter>
    <Filter Include="Source files">
      <UniqueIdentifier>{4FC737F1-C7A5-4376-A066-2A32D752A2FF}</UniqueIdentifier>
      <Extensions>cpp;c;cc;cxx;def;odl;idl;hpj;bat;asm;asmx</Extensions>
    </Filter>
    <Filter Include="Resource files">
      <UniqueIdentifier>{9f2ea717-bf50-4d57-8396-915646e0b495}</UniqueIdentifier>
    </Filter>
  </ItemGroup>
  <ItemGroup>
    <ClCompile Include="Exceptions.cpp">
      <Filter>Source files</Filter>
    </ClCompile>
    <ClCompile Include="pch.cpp">
      <Filter>Source files</Filter>
    </ClCompile>
    <ClCompile Include="Term.cpp">
      <Filter>Source files</Filter>
    </ClCompile>
    <ClCompile Include="DWriteFontCollectionLoader.cpp">
      <Filter>Source files</Filter>
    </ClCompile>
    <ClCompile Include="DWriteFontFileEnumerator.cpp">
      <Filter>Source files</Filter>
    </ClCompile>
    <ClCompile Include="DWriteFontLoader.cpp">
      <Filter>Source files</Filter>
    </ClCompile>
    <ClCompile Include="TerminalMaster.cpp">
      <Filter>Source files</Filter>
    </ClCompile>
    <ClCompile Include="TerminalWindowListener.cpp">
      <Filter>Source files</Filter>
    </ClCompile>
    <ClCompile Include="TerminalWindowController.cpp">
      <Filter>Source files</Filter>
    </ClCompile>
  </ItemGroup>
  <ItemGroup>
    <ClInclude Include="Exceptions.h">
      <Filter>Header files</Filter>
    </ClInclude>
    <ClInclude Include="pch.h">
      <Filter>Header files</Filter>
    </ClInclude>
    <ClInclude Include="targetver.h">
      <Filter>Header files</Filter>
    </ClInclude>
    <ClInclude Include="Term.h">
      <Filter>Header files</Filter>
    </ClInclude>
    <ClInclude Include="DxCommon.h">
      <Filter>Header files</Filter>
    </ClInclude>
    <ClInclude Include="DWriteFontCollectionLoader.h">
      <Filter>Header files</Filter>
    </ClInclude>
    <ClInclude Include="DWriteFontFileEnumerator.h">
      <Filter>Header files</Filter>
    </ClInclude>
    <ClInclude Include="DWriteFontLoader.h">
      <Filter>Header files</Filter>
    </ClInclude>
    <ClInclude Include="resource.h">
      <Filter>Header files</Filter>
    </ClInclude>
    <ClInclude Include="TerminalMaster.h">
      <Filter>Header files</Filter>
    </ClInclude>
    <ClInclude Include="TerminalWindowListener.h">
      <Filter>Header files</Filter>
    </ClInclude>
    <ClInclude Include="TerminalWindowController.h">
      <Filter>Header files</Filter>
    </ClInclude>
  </ItemGroup>
  <ItemGroup>
    <Font Include="Fonts\UbuntuMono-R.ttf" />
  </ItemGroup>
</Project>